// !$*UTF8*$!
{
	archiveVersion = 1;
	classes = {
	};
	objectVersion = 56;
	objects = {

/* Begin PBXBuildFile section */
		B3261E5E2B27D6B2000655EB /* SafariView.swift in Sources */ = {isa = PBXBuildFile; fileRef = B3261E5D2B27D6B2000655EB /* SafariView.swift */; };
		B3261E602B27F81F000655EB /* FrameworkTitleView.swift in Sources */ = {isa = PBXBuildFile; fileRef = B3261E5F2B27F81F000655EB /* FrameworkTitleView.swift */; };
		B3261E622B27F890000655EB /* XDismissButton.swift in Sources */ = {isa = PBXBuildFile; fileRef = B3261E612B27F890000655EB /* XDismissButton.swift */; };
		B34F839C2B27B9E300CC5A55 /* FrameworkGridViewModel.swift in Sources */ = {isa = PBXBuildFile; fileRef = B34F839B2B27B9E300CC5A55 /* FrameworkGridViewModel.swift */; };
		B36AE6492B274EE500CFA075 /* Apple_FrameworksApp.swift in Sources */ = {isa = PBXBuildFile; fileRef = B36AE6482B274EE500CFA075 /* Apple_FrameworksApp.swift */; };
		B36AE64D2B274EE600CFA075 /* Assets.xcassets in Resources */ = {isa = PBXBuildFile; fileRef = B36AE64C2B274EE600CFA075 /* Assets.xcassets */; };
		B36AE6502B274EE600CFA075 /* Preview Assets.xcassets in Resources */ = {isa = PBXBuildFile; fileRef = B36AE64F2B274EE600CFA075 /* Preview Assets.xcassets */; };
		B36AE6572B274F1D00CFA075 /* Framework.swift in Sources */ = {isa = PBXBuildFile; fileRef = B36AE6562B274F1D00CFA075 /* Framework.swift */; };
		B397BBDF2B2761AE00F22EBF /* FrameworkDetailView.swift in Sources */ = {isa = PBXBuildFile; fileRef = B397BBDE2B2761AE00F22EBF /* FrameworkDetailView.swift */; };
		B397BBE12B2763CA00F22EBF /* AFButton.swift in Sources */ = {isa = PBXBuildFile; fileRef = B397BBE02B2763CA00F22EBF /* AFButton.swift */; };
		B3CFBBB82B27576100D40ECD /* FrameworkGridView.swift in Sources */ = {isa = PBXBuildFile; fileRef = B3CFBBB72B27576100D40ECD /* FrameworkGridView.swift */; };
/* End PBXBuildFile section */

/* Begin PBXFileReference section */
		B3261E5D2B27D6B2000655EB /* SafariView.swift */ = {isa = PBXFileReference; lastKnownFileType = sourcecode.swift; path = SafariView.swift; sourceTree = "<group>"; };
		B3261E5F2B27F81F000655EB /* FrameworkTitleView.swift */ = {isa = PBXFileReference; lastKnownFileType = sourcecode.swift; path = FrameworkTitleView.swift; sourceTree = "<group>"; };
		B3261E612B27F890000655EB /* XDismissButton.swift */ = {isa = PBXFileReference; lastKnownFileType = sourcecode.swift; path = XDismissButton.swift; sourceTree = "<group>"; };
		B34F839B2B27B9E300CC5A55 /* FrameworkGridViewModel.swift */ = {isa = PBXFileReference; lastKnownFileType = sourcecode.swift; path = FrameworkGridViewModel.swift; sourceTree = "<group>"; };
		B36AE6452B274EE500CFA075 /* Apple-Frameworks.app */ = {isa = PBXFileReference; explicitFileType = wrapper.application; includeInIndex = 0; path = "Apple-Frameworks.app"; sourceTree = BUILT_PRODUCTS_DIR; };
		B36AE6482B274EE500CFA075 /* Apple_FrameworksApp.swift */ = {isa = PBXFileReference; lastKnownFileType = sourcecode.swift; path = Apple_FrameworksApp.swift; sourceTree = "<group>"; };
		B36AE64C2B274EE600CFA075 /* Assets.xcassets */ = {isa = PBXFileReference; lastKnownFileType = folder.assetcatalog; path = Assets.xcassets; sourceTree = "<group>"; };
		B36AE64F2B274EE600CFA075 /* Preview Assets.xcassets */ = {isa = PBXFileReference; lastKnownFileType = folder.assetcatalog; path = "Preview Assets.xcassets"; sourceTree = "<group>"; };
		B36AE6562B274F1D00CFA075 /* Framework.swift */ = {isa = PBXFileReference; lastKnownFileType = sourcecode.swift; path = Framework.swift; sourceTree = "<group>"; };
		B397BBDE2B2761AE00F22EBF /* FrameworkDetailView.swift */ = {isa = PBXFileReference; lastKnownFileType = sourcecode.swift; path = FrameworkDetailView.swift; sourceTree = "<group>"; };
		B397BBE02B2763CA00F22EBF /* AFButton.swift */ = {isa = PBXFileReference; lastKnownFileType = sourcecode.swift; path = AFButton.swift; sourceTree = "<group>"; };
		B3CFBBB72B27576100D40ECD /* FrameworkGridView.swift */ = {isa = PBXFileReference; lastKnownFileType = sourcecode.swift; path = FrameworkGridView.swift; sourceTree = "<group>"; };
/* End PBXFileReference section */

/* Begin PBXFrameworksBuildPhase section */
		B36AE6422B274EE500CFA075 /* Frameworks */ = {
			isa = PBXFrameworksBuildPhase;
			buildActionMask = 2147483647;
			files = (
			);
			runOnlyForDeploymentPostprocessing = 0;
		};
/* End PBXFrameworksBuildPhase section */

/* Begin PBXGroup section */
		B36AE63C2B274EE500CFA075 = {
			isa = PBXGroup;
			children = (
				B36AE6472B274EE500CFA075 /* Apple-Frameworks */,
				B36AE6462B274EE500CFA075 /* Products */,
			);
			sourceTree = "<group>";
		};
		B36AE6462B274EE500CFA075 /* Products */ = {
			isa = PBXGroup;
			children = (
				B36AE6452B274EE500CFA075 /* Apple-Frameworks.app */,
			);
			name = Products;
			sourceTree = "<group>";
		};
		B36AE6472B274EE500CFA075 /* Apple-Frameworks */ = {
			isa = PBXGroup;
			children = (
				B3F878CB2B27FE4800394775 /* UIKit Components */,
				B3F878C82B27FE0C00394775 /* Views */,
				B3F878C72B27FDF200394775 /* Model */,
				B3F878C42B27FD7900394775 /* Screens */,
				B36AE6482B274EE500CFA075 /* Apple_FrameworksApp.swift */,
				B36AE64C2B274EE600CFA075 /* Assets.xcassets */,
				B36AE64E2B274EE600CFA075 /* Preview Content */,
			);
			path = "Apple-Frameworks";
			sourceTree = "<group>";
		};
		B36AE64E2B274EE600CFA075 /* Preview Content */ = {
			isa = PBXGroup;
			children = (
				B36AE64F2B274EE600CFA075 /* Preview Assets.xcassets */,
			);
			path = "Preview Content";
			sourceTree = "<group>";
		};
		B3F878C42B27FD7900394775 /* Screens */ = {
			isa = PBXGroup;
			children = (
				B3F878C62B27FDD800394775 /* FrameworkDetailView */,
				B3F878C52B27FDB900394775 /* FrameworkGridView */,
			);
			path = Screens;
			sourceTree = "<group>";
		};
		B3F878C52B27FDB900394775 /* FrameworkGridView */ = {
			isa = PBXGroup;
			children = (
				B3CFBBB72B27576100D40ECD /* FrameworkGridView.swift */,
				B34F839B2B27B9E300CC5A55 /* FrameworkGridViewModel.swift */,
			);
			path = FrameworkGridView;
			sourceTree = "<group>";
		};
		B3F878C62B27FDD800394775 /* FrameworkDetailView */ = {
			isa = PBXGroup;
			children = (
				B397BBDE2B2761AE00F22EBF /* FrameworkDetailView.swift */,
			);
			path = FrameworkDetailView;
			sourceTree = "<group>";
		};
		B3F878C72B27FDF200394775 /* Model */ = {
			isa = PBXGroup;
			children = (
				B36AE6562B274F1D00CFA075 /* Framework.swift */,
			);
			path = Model;
			sourceTree = "<group>";
		};
		B3F878C82B27FE0C00394775 /* Views */ = {
			isa = PBXGroup;
			children = (
				B3F878CA2B27FE2400394775 /* View */,
				B3F878C92B27FE1200394775 /* Buttons */,
			);
			path = Views;
			sourceTree = "<group>";
		};
		B3F878C92B27FE1200394775 /* Buttons */ = {
			isa = PBXGroup;
			children = (
				B3261E612B27F890000655EB /* XDismissButton.swift */,
				B397BBE02B2763CA00F22EBF /* AFButton.swift */,
			);
			path = Buttons;
			sourceTree = "<group>";
		};
		B3F878CA2B27FE2400394775 /* View */ = {
			isa = PBXGroup;
			children = (
				B3261E5F2B27F81F000655EB /* FrameworkTitleView.swift */,
			);
			path = View;
			sourceTree = "<group>";
		};
		B3F878CB2B27FE4800394775 /* UIKit Components */ = {
			isa = PBXGroup;
			children = (
				B3261E5D2B27D6B2000655EB /* SafariView.swift */,
			);
			path = "UIKit Components";
			sourceTree = "<group>";
		};
/* End PBXGroup section */

/* Begin PBXNativeTarget section */
		B36AE6442B274EE500CFA075 /* Apple-Frameworks */ = {
			isa = PBXNativeTarget;
			buildConfigurationList = B36AE6532B274EE600CFA075 /* Build configuration list for PBXNativeTarget "Apple-Frameworks" */;
			buildPhases = (
				B36AE6412B274EE500CFA075 /* Sources */,
				B36AE6422B274EE500CFA075 /* Frameworks */,
				B36AE6432B274EE500CFA075 /* Resources */,
			);
			buildRules = (
			);
			dependencies = (
			);
			name = "Apple-Frameworks";
			productName = "Apple-Frameworks";
			productReference = B36AE6452B274EE500CFA075 /* Apple-Frameworks.app */;
			productType = "com.apple.product-type.application";
		};
/* End PBXNativeTarget section */

/* Begin PBXProject section */
		B36AE63D2B274EE500CFA075 /* Project object */ = {
			isa = PBXProject;
			attributes = {
				BuildIndependentTargetsInParallel = 1;
				LastSwiftUpdateCheck = 1500;
				LastUpgradeCheck = 1500;
				TargetAttributes = {
					B36AE6442B274EE500CFA075 = {
						CreatedOnToolsVersion = 15.0.1;
					};
				};
			};
			buildConfigurationList = B36AE6402B274EE500CFA075 /* Build configuration list for PBXProject "Apple-Frameworks" */;
			compatibilityVersion = "Xcode 14.0";
			developmentRegion = en;
			hasScannedForEncodings = 0;
			knownRegions = (
				en,
				Base,
			);
			mainGroup = B36AE63C2B274EE500CFA075;
			productRefGroup = B36AE6462B274EE500CFA075 /* Products */;
			projectDirPath = "";
			projectRoot = "";
			targets = (
				B36AE6442B274EE500CFA075 /* Apple-Frameworks */,
			);
		};
/* End PBXProject section */

/* Begin PBXResourcesBuildPhase section */
		B36AE6432B274EE500CFA075 /* Resources */ = {
			isa = PBXResourcesBuildPhase;
			buildActionMask = 2147483647;
			files = (
				B36AE6502B274EE600CFA075 /* Preview Assets.xcassets in Resources */,
				B36AE64D2B274EE600CFA075 /* Assets.xcassets in Resources */,
			);
			runOnlyForDeploymentPostprocessing = 0;
		};
/* End PBXResourcesBuildPhase section */

/* Begin PBXSourcesBuildPhase section */
		B36AE6412B274EE500CFA075 /* Sources */ = {
			isa = PBXSourcesBuildPhase;
			buildActionMask = 2147483647;
			files = (
				B397BBDF2B2761AE00F22EBF /* FrameworkDetailView.swift in Sources */,
				B3CFBBB82B27576100D40ECD /* FrameworkGridView.swift in Sources */,
				B3261E622B27F890000655EB /* XDismissButton.swift in Sources */,
				B36AE6572B274F1D00CFA075 /* Framework.swift in Sources */,
				B397BBE12B2763CA00F22EBF /* AFButton.swift in Sources */,
				B36AE6492B274EE500CFA075 /* Apple_FrameworksApp.swift in Sources */,
				B34F839C2B27B9E300CC5A55 /* FrameworkGridViewModel.swift in Sources */,
				B3261E602B27F81F000655EB /* FrameworkTitleView.swift in Sources */,
				B3261E5E2B27D6B2000655EB /* SafariView.swift in Sources */,
			);
			runOnlyForDeploymentPostprocessing = 0;
		};
/* End PBXSourcesBuildPhase section */

/* Begin XCBuildConfiguration section */
		B36AE6512B274EE600CFA075 /* Debug */ = {
			isa = XCBuildConfiguration;
			buildSettings = {
				ALWAYS_SEARCH_USER_PATHS = NO;
				ASSETCATALOG_COMPILER_GENERATE_SWIFT_ASSET_SYMBOL_EXTENSIONS = YES;
				CLANG_ANALYZER_NONNULL = YES;
				CLANG_ANALYZER_NUMBER_OBJECT_CONVERSION = YES_AGGRESSIVE;
				CLANG_CXX_LANGUAGE_STANDARD = "gnu++20";
				CLANG_ENABLE_MODULES = YES;
				CLANG_ENABLE_OBJC_ARC = YES;
				CLANG_ENABLE_OBJC_WEAK = YES;
				CLANG_WARN_BLOCK_CAPTURE_AUTORELEASING = YES;
				CLANG_WARN_BOOL_CONVERSION = YES;
				CLANG_WARN_COMMA = YES;
				CLANG_WARN_CONSTANT_CONVERSION = YES;
				CLANG_WARN_DEPRECATED_OBJC_IMPLEMENTATIONS = YES;
				CLANG_WARN_DIRECT_OBJC_ISA_USAGE = YES_ERROR;
				CLANG_WARN_DOCUMENTATION_COMMENTS = YES;
				CLANG_WARN_EMPTY_BODY = YES;
				CLANG_WARN_ENUM_CONVERSION = YES;
				CLANG_WARN_INFINITE_RECURSION = YES;
				CLANG_WARN_INT_CONVERSION = YES;
				CLANG_WARN_NON_LITERAL_NULL_CONVERSION = YES;
				CLANG_WARN_OBJC_IMPLICIT_RETAIN_SELF = YES;
				CLANG_WARN_OBJC_LITERAL_CONVERSION = YES;
				CLANG_WARN_OBJC_ROOT_CLASS = YES_ERROR;
				CLANG_WARN_QUOTED_INCLUDE_IN_FRAMEWORK_HEADER = YES;
				CLANG_WARN_RANGE_LOOP_ANALYSIS = YES;
				CLANG_WARN_STRICT_PROTOTYPES = YES;
				CLANG_WARN_SUSPICIOUS_MOVE = YES;
				CLANG_WARN_UNGUARDED_AVAILABILITY = YES_AGGRESSIVE;
				CLANG_WARN_UNREACHABLE_CODE = YES;
				CLANG_WARN__DUPLICATE_METHOD_MATCH = YES;
				COPY_PHASE_STRIP = NO;
				DEBUG_INFORMATION_FORMAT = dwarf;
				ENABLE_STRICT_OBJC_MSGSEND = YES;
				ENABLE_TESTABILITY = YES;
				ENABLE_USER_SCRIPT_SANDBOXING = YES;
				GCC_C_LANGUAGE_STANDARD = gnu17;
				GCC_DYNAMIC_NO_PIC = NO;
				GCC_NO_COMMON_BLOCKS = YES;
				GCC_OPTIMIZATION_LEVEL = 0;
				GCC_PREPROCESSOR_DEFINITIONS = (
					"DEBUG=1",
					"$(inherited)",
				);
				GCC_WARN_64_TO_32_BIT_CONVERSION = YES;
				GCC_WARN_ABOUT_RETURN_TYPE = YES_ERROR;
				GCC_WARN_UNDECLARED_SELECTOR = YES;
				GCC_WARN_UNINITIALIZED_AUTOS = YES_AGGRESSIVE;
				GCC_WARN_UNUSED_FUNCTION = YES;
				GCC_WARN_UNUSED_VARIABLE = YES;
				IPHONEOS_DEPLOYMENT_TARGET = 17.0;
				LOCALIZATION_PREFERS_STRING_CATALOGS = YES;
				MTL_ENABLE_DEBUG_INFO = INCLUDE_SOURCE;
				MTL_FAST_MATH = YES;
				ONLY_ACTIVE_ARCH = YES;
				SDKROOT = iphoneos;
				SWIFT_ACTIVE_COMPILATION_CONDITIONS = "DEBUG $(inherited)";
				SWIFT_OPTIMIZATION_LEVEL = "-Onone";
			};
			name = Debug;
		};
		B36AE6522B274EE600CFA075 /* Release */ = {
			isa = XCBuildConfiguration;
			buildSettings = {
				ALWAYS_SEARCH_USER_PATHS = NO;
				ASSETCATALOG_COMPILER_GENERATE_SWIFT_ASSET_SYMBOL_EXTENSIONS = YES;
				CLANG_ANALYZER_NONNULL = YES;
				CLANG_ANALYZER_NUMBER_OBJECT_CONVERSION = YES_AGGRESSIVE;
				CLANG_CXX_LANGUAGE_STANDARD = "gnu++20";
				CLANG_ENABLE_MODULES = YES;
				CLANG_ENABLE_OBJC_ARC = YES;
				CLANG_ENABLE_OBJC_WEAK = YES;
				CLANG_WARN_BLOCK_CAPTURE_AUTORELEASING = YES;
				CLANG_WARN_BOOL_CONVERSION = YES;
				CLANG_WARN_COMMA = YES;
				CLANG_WARN_CONSTANT_CONVERSION = YES;
				CLANG_WARN_DEPRECATED_OBJC_IMPLEMENTATIONS = YES;
				CLANG_WARN_DIRECT_OBJC_ISA_USAGE = YES_ERROR;
				CLANG_WARN_DOCUMENTATION_COMMENTS = YES;
				CLANG_WARN_EMPTY_BODY = YES;
				CLANG_WARN_ENUM_CONVERSION = YES;
				CLANG_WARN_INFINITE_RECURSION = YES;
				CLANG_WARN_INT_CONVERSION = YES;
				CLANG_WARN_NON_LITERAL_NULL_CONVERSION = YES;
				CLANG_WARN_OBJC_IMPLICIT_RETAIN_SELF = YES;
				CLANG_WARN_OBJC_LITERAL_CONVERSION = YES;
				CLANG_WARN_OBJC_ROOT_CLASS = YES_ERROR;
				CLANG_WARN_QUOTED_INCLUDE_IN_FRAMEWORK_HEADER = YES;
				CLANG_WARN_RANGE_LOOP_ANALYSIS = YES;
				CLANG_WARN_STRICT_PROTOTYPES = YES;
				CLANG_WARN_SUSPICIOUS_MOVE = YES;
				CLANG_WARN_UNGUARDED_AVAILABILITY = YES_AGGRESSIVE;
				CLANG_WARN_UNREACHABLE_CODE = YES;
				CLANG_WARN__DUPLICATE_METHOD_MATCH = YES;
				COPY_PHASE_STRIP = NO;
				DEBUG_INFORMATION_FORMAT = "dwarf-with-dsym";
				ENABLE_NS_ASSERTIONS = NO;
				ENABLE_STRICT_OBJC_MSGSEND = YES;
				ENABLE_USER_SCRIPT_SANDBOXING = YES;
				GCC_C_LANGUAGE_STANDARD = gnu17;
				GCC_NO_COMMON_BLOCKS = YES;
				GCC_WARN_64_TO_32_BIT_CONVERSION = YES;
				GCC_WARN_ABOUT_RETURN_TYPE = YES_ERROR;
				GCC_WARN_UNDECLARED_SELECTOR = YES;
				GCC_WARN_UNINITIALIZED_AUTOS = YES_AGGRESSIVE;
				GCC_WARN_UNUSED_FUNCTION = YES;
				GCC_WARN_UNUSED_VARIABLE = YES;
				IPHONEOS_DEPLOYMENT_TARGET = 17.0;
				LOCALIZATION_PREFERS_STRING_CATALOGS = YES;
				MTL_ENABLE_DEBUG_INFO = NO;
				MTL_FAST_MATH = YES;
				SDKROOT = iphoneos;
				SWIFT_COMPILATION_MODE = wholemodule;
				VALIDATE_PRODUCT = YES;
			};
			name = Release;
		};
		B36AE6542B274EE600CFA075 /* Debug */ = {
			isa = XCBuildConfiguration;
			buildSettings = {
				ASSETCATALOG_COMPILER_APPICON_NAME = AppIcon;
				ASSETCATALOG_COMPILER_GLOBAL_ACCENT_COLOR_NAME = AccentColor;
				CODE_SIGN_STYLE = Automatic;
				CURRENT_PROJECT_VERSION = 1;
				DEVELOPMENT_ASSET_PATHS = "\"Apple-Frameworks/Preview Content\"";
				ENABLE_PREVIEWS = YES;
				GENERATE_INFOPLIST_FILE = YES;
				INFOPLIST_KEY_UIApplicationSceneManifest_Generation = YES;
				INFOPLIST_KEY_UIApplicationSupportsIndirectInputEvents = YES;
				INFOPLIST_KEY_UILaunchScreen_Generation = YES;
				INFOPLIST_KEY_UISupportedInterfaceOrientations_iPad = "UIInterfaceOrientationPortrait UIInterfaceOrientationPortraitUpsideDown UIInterfaceOrientationLandscapeLeft UIInterfaceOrientationLandscapeRight";
				INFOPLIST_KEY_UISupportedInterfaceOrientations_iPhone = "UIInterfaceOrientationPortrait UIInterfaceOrientationLandscapeLeft UIInterfaceOrientationLandscapeRight";
				LD_RUNPATH_SEARCH_PATHS = (
					"$(inherited)",
					"@executable_path/Frameworks",
				);
				MARKETING_VERSION = 1.0;
				PRODUCT_BUNDLE_IDENTIFIER = "com.kxcoding.Apple-Frameworks";
				PRODUCT_NAME = "$(TARGET_NAME)";
				SWIFT_EMIT_LOC_STRINGS = YES;
				SWIFT_VERSION = 5.0;
				TARGETED_DEVICE_FAMILY = "1,2";
			};
			name = Debug;
		};
		B36AE6552B274EE600CFA075 /* Release */ = {
			isa = XCBuildConfiguration;
			buildSettings = {
				ASSETCATALOG_COMPILER_APPICON_NAME = AppIcon;
				ASSETCATALOG_COMPILER_GLOBAL_ACCENT_COLOR_NAME = AccentColor;
				CODE_SIGN_STYLE = Automatic;
				CURRENT_PROJECT_VERSION = 1;
				DEVELOPMENT_ASSET_PATHS = "\"Apple-Frameworks/Preview Content\"";
				ENABLE_PREVIEWS = YES;
				GENERATE_INFOPLIST_FILE = YES;
				INFOPLIST_KEY_UIApplicationSceneManifest_Generation = YES;
				INFOPLIST_KEY_UIApplicationSupportsIndirectInputEvents = YES;
				INFOPLIST_KEY_UILaunchScreen_Generation = YES;
				INFOPLIST_KEY_UISupportedInterfaceOrientations_iPad = "UIInterfaceOrientationPortrait UIInterfaceOrientationPortraitUpsideDown UIInterfaceOrientationLandscapeLeft UIInterfaceOrientationLandscapeRight";
				INFOPLIST_KEY_UISupportedInterfaceOrientations_iPhone = "UIInterfaceOrientationPortrait UIInterfaceOrientationLandscapeLeft UIInterfaceOrientationLandscapeRight";
				LD_RUNPATH_SEARCH_PATHS = (
					"$(inherited)",
					"@executable_path/Frameworks",
				);
				MARKETING_VERSION = 1.0;
				PRODUCT_BUNDLE_IDENTIFIER = "com.kxcoding.Apple-Frameworks";
				PRODUCT_NAME = "$(TARGET_NAME)";
				SWIFT_EMIT_LOC_STRINGS = YES;
				SWIFT_VERSION = 5.0;
				TARGETED_DEVICE_FAMILY = "1,2";
			};
			name = Release;
		};
/* End XCBuildConfiguration section */

/* Begin XCConfigurationList section */
		B36AE6402B274EE500CFA075 /* Build configuration list for PBXProject "Apple-Frameworks" */ = {
			isa = XCConfigurationList;
			buildConfigurations = (
				B36AE6512B274EE600CFA075 /* Debug */,
				B36AE6522B274EE600CFA075 /* Release */,
			);
			defaultConfigurationIsVisible = 0;
			defaultConfigurationName = Release;
		};
		B36AE6532B274EE600CFA075 /* Build configuration list for PBXNativeTarget "Apple-Frameworks" */ = {
			isa = XCConfigurationList;
			buildConfigurations = (
				B36AE6542B274EE600CFA075 /* Debug */,
				B36AE6552B274EE600CFA075 /* Release */,
			);
			defaultConfigurationIsVisible = 0;
			defaultConfigurationName = Release;
		};
/* End XCConfigurationList section */
	};
	rootObject = B36AE63D2B274EE500CFA075 /* Project object */;
}
